
Microsoft Visual Studio Solution File, Format Version 12.00
# Visual Studio Version 17
VisualStudioVersion = 17.2.32630.192
MinimumVisualStudioVersion = 10.0.40219.1
Project("{FAE04EC0-301F-11D3-BF4B-00C04F79EFBC}") = "Task_4.1", "Task_4.1\Task_4.1.csproj", "{12A04141-0623-48E4-B2B2-905D632DC14B}"
EndProject
Global
	GlobalSection(SolutionConfigurationPlatforms) = preSolution
		Debug|Any CPU = Debug|Any CPU
		Release|Any CPU = Release|Any CPU
	EndGlobalSection
	GlobalSection(ProjectConfigurationPlatforms) = postSolution
		{12A04141-0623-48E4-B2B2-905D632DC14B}.Debug|Any CPU.ActiveCfg = Debug|Any CPU
		{12A04141-0623-48E4-B2B2-905D632DC14B}.Debug|Any CPU.Build.0 = Debug|Any CPU
		{12A04141-0623-48E4-B2B2-905D632DC14B}.Release|Any CPU.ActiveCfg = Release|Any CPU
		{12A04141-0623-48E4-B2B2-905D632DC14B}.Release|Any CPU.Build.0 = Release|Any CPU
	EndGlobalSection
	GlobalSection(SolutionProperties) = preSolution
		HideSolutionNode = FALSE
	EndGlobalSection
	GlobalSection(ExtensibilityGlobals) = postSolution
		SolutionGuid = {CCBC2420-6933-47FE-95FE-BD6EA75E8B73}
	EndGlobalSection
EndGlobal
